
Microsoft Visual Studio Solution File, Format Version 12.00
# Visual Studio Version 16
VisualStudioVersion = 16.0.29728.190
MinimumVisualStudioVersion = 10.0.40219.1
Project("{9A19103F-16F7-4668-BE54-9A1E7A4F7556}") = "Framework", "Framework\Framework.csproj", "{6642EA02-B739-46BA-BF26-3CAA92CA80FD}"
EndProject
Project("{9A19103F-16F7-4668-BE54-9A1E7A4F7556}") = "AutomationPractice", "AutomationPractice\AutomationPractice.csproj", "{D03AA9A6-DD49-43E2-B171-929CA2C93511}"
EndProject
Project("{9A19103F-16F7-4668-BE54-9A1E7A4F7556}") = "AutomationResources", "AutomationResources\AutomationResources.csproj", "{0405B36F-9FD5-4849-B52A-DC3956C0A155}"
EndProject
Project("{FAE04EC0-301F-11D3-BF4B-00C04F79EFBC}") = "Applitools", "Applitools\Applitools.csproj", "{E175D3BE-E64E-49C3-850B-6B6A4D996D81}"
	ProjectSection(ProjectDependencies) = postProject
		{0405B36F-9FD5-4849-B52A-DC3956C0A155} = {0405B36F-9FD5-4849-B52A-DC3956C0A155}
	EndProjectSection
EndProject
Global
	GlobalSection(SolutionConfigurationPlatforms) = preSolution
		Debug|Any CPU = Debug|Any CPU
		Release|Any CPU = Release|Any CPU
	EndGlobalSection
	GlobalSection(ProjectConfigurationPlatforms) = postSolution
		{6642EA02-B739-46BA-BF26-3CAA92CA80FD}.Debug|Any CPU.ActiveCfg = Debug|Any CPU
		{6642EA02-B739-46BA-BF26-3CAA92CA80FD}.Debug|Any CPU.Build.0 = Debug|Any CPU
		{6642EA02-B739-46BA-BF26-3CAA92CA80FD}.Release|Any CPU.ActiveCfg = Release|Any CPU
		{6642EA02-B739-46BA-BF26-3CAA92CA80FD}.Release|Any CPU.Build.0 = Release|Any CPU
		{D03AA9A6-DD49-43E2-B171-929CA2C93511}.Debug|Any CPU.ActiveCfg = Debug|Any CPU
		{D03AA9A6-DD49-43E2-B171-929CA2C93511}.Debug|Any CPU.Build.0 = Debug|Any CPU
		{D03AA9A6-DD49-43E2-B171-929CA2C93511}.Release|Any CPU.ActiveCfg = Release|Any CPU
		{D03AA9A6-DD49-43E2-B171-929CA2C93511}.Release|Any CPU.Build.0 = Release|Any CPU
		{0405B36F-9FD5-4849-B52A-DC3956C0A155}.Debug|Any CPU.ActiveCfg = Debug|Any CPU
		{0405B36F-9FD5-4849-B52A-DC3956C0A155}.Debug|Any CPU.Build.0 = Debug|Any CPU
		{0405B36F-9FD5-4849-B52A-DC3956C0A155}.Release|Any CPU.ActiveCfg = Release|Any CPU
		{0405B36F-9FD5-4849-B52A-DC3956C0A155}.Release|Any CPU.Build.0 = Release|Any CPU
		{E175D3BE-E64E-49C3-850B-6B6A4D996D81}.Debug|Any CPU.ActiveCfg = Debug|Any CPU
		{E175D3BE-E64E-49C3-850B-6B6A4D996D81}.Debug|Any CPU.Build.0 = Debug|Any CPU
		{E175D3BE-E64E-49C3-850B-6B6A4D996D81}.Release|Any CPU.ActiveCfg = Release|Any CPU
		{E175D3BE-E64E-49C3-850B-6B6A4D996D81}.Release|Any CPU.Build.0 = Release|Any CPU
	EndGlobalSection
	GlobalSection(SolutionProperties) = preSolution
		HideSolutionNode = FALSE
	EndGlobalSection
	GlobalSection(ExtensibilityGlobals) = postSolution
		SolutionGuid = {15AD2BF5-95D6-4EF1-B66B-00704267BE99}
	EndGlobalSection
EndGlobal
